
Microsoft Visual Studio Solution File, Format Version 12.00
# Visual Studio Version 17
VisualStudioVersion = 17.14.37012.4 d17.14
MinimumVisualStudioVersion = 10.0.40219.1
Project("{FAE04EC0-301F-11D3-BF4B-00C04F79EFBC}") = "Compration_Solution_discrete", "Compration_Solution_discrete.csproj", "{BF4D9D45-6CCE-4E45-8644-92BBF5C09F95}"
EndProject
Global
	GlobalSection(SolutionConfigurationPlatforms) = preSolution
		Debug|Any CPU = Debug|Any CPU
		Release|Any CPU = Release|Any CPU
	EndGlobalSection
	GlobalSection(ProjectConfigurationPlatforms) = postSolution
		{BF4D9D45-6CCE-4E45-8644-92BBF5C09F95}.Debug|Any CPU.ActiveCfg = Debug|Any CPU
		{BF4D9D45-6CCE-4E45-8644-92BBF5C09F95}.Debug|Any CPU.Build.0 = Debug|Any CPU
		{BF4D9D45-6CCE-4E45-8644-92BBF5C09F95}.Release|Any CPU.ActiveCfg = Release|Any CPU
		{BF4D9D45-6CCE-4E45-8644-92BBF5C09F95}.Release|Any CPU.Build.0 = Release|Any CPU
	EndGlobalSection
	GlobalSection(SolutionProperties) = preSolution
		HideSolutionNode = FALSE
	EndGlobalSection
	GlobalSection(ExtensibilityGlobals) = postSolution
		SolutionGuid = {3E24FCD0-DF80-416E-9F92-4BC88D729537}
	EndGlobalSection
EndGlobal
